%{
  "jason": {:hex, :jason, "1.2.2", "ba43e3f2709fd1aa1dce90aaabfd039d000469c05c56f0b8e31978e03fa39052", [:mix], [{:decimal, "~> 1.0 or ~> 2.0", [hex: :decimal, repo: "hexpm", optional: true]}], "hexpm", "18a228f5f0058ee183f29f9eae0805c6e59d61c3b006760668d8d18ff0d12179"},
  "opentelemetry_absinthe": {:git, "git@github.com:primait/opentelemetry_absinthe.git", "d8169d8998bb1c69481794b9e1e4d2f99f3fb094", [branch: "wizard"]},
  "opentelemetry_api": {:hex, :opentelemetry_api, "1.0.0-rc.2", "a0ec5b242bb7ce7563b4891e77dcfa529defc9e42c19a5a702574c5ac3d0c6e7", [:mix, :rebar3], [], "hexpm", "426a969c8ee2afa8ab55b58e6e40e81c1f934c064459a1acb530f54042f9a9a3"},
  "telemetry": {:hex, :telemetry, "0.4.3", "a06428a514bdbc63293cd9a6263aad00ddeb66f608163bdec7c8995784080818", [:rebar3], [], "hexpm", "eb72b8365ffda5bed68a620d1da88525e326cb82a75ee61354fc24b844768041"},
}
