%{
  "acceptor_pool": {:hex, :acceptor_pool, "1.0.0", "43c20d2acae35f0c2bcd64f9d2bde267e459f0f3fd23dab26485bf518c281b21", [:rebar3], [], "hexpm", "0cbcd83fdc8b9ad2eee2067ef8b91a14858a5883cb7cd800e6fcd5803e158788"},
  "chatterbox": {:hex, :ts_chatterbox, "0.11.0", "b8f372c706023eb0de5bf2976764edb27c70fe67052c88c1f6a66b3a5626847f", [:rebar3], [{:hpack, "~>0.2.3", [hex: :hpack_erl, repo: "hexpm", optional: false]}], "hexpm", "722fe2bad52913ab7e87d849fc6370375f0c961ffb2f0b5e6d647c9170c382a6"},
  "ctx": {:hex, :ctx, "0.6.0", "8ff88b70e6400c4df90142e7f130625b82086077a45364a78d208ed3ed53c7fe", [:rebar3], [], "hexpm", "a14ed2d1b67723dbebbe423b28d7615eb0bdcba6ff28f2d1f1b0a7e1d4aa5fc2"},
  "gproc": {:hex, :gproc, "0.8.0", "cea02c578589c61e5341fce149ea36ccef236cc2ecac8691fba408e7ea77ec2f", [:rebar3], [], "hexpm", "580adafa56463b75263ef5a5df4c86af321f68694e7786cb057fd805d1e2a7de"},
  "grpcbox": {:hex, :grpcbox, "0.14.0", "3eb321bcd2275baf8b54cf381feb7b0559a50c02544de28fda039c7f2f9d1a7a", [:rebar3], [{:acceptor_pool, "~>1.0.0", [hex: :acceptor_pool, repo: "hexpm", optional: false]}, {:chatterbox, "~>0.11.0", [hex: :ts_chatterbox, repo: "hexpm", optional: false]}, {:ctx, "~>0.6.0", [hex: :ctx, repo: "hexpm", optional: false]}, {:gproc, "~>0.8.0", [hex: :gproc, repo: "hexpm", optional: false]}], "hexpm", "e24159b7b6d3f9869bbe528845c0125fed2259366ba908fd04a1f45fe81d0660"},
  "hpack": {:hex, :hpack_erl, "0.2.3", "17670f83ff984ae6cd74b1c456edde906d27ff013740ee4d9efaa4f1bf999633", [:rebar3], [], "hexpm", "06f580167c4b8b8a6429040df36cc93bba6d571faeaec1b28816523379cbb23a"},
  "jason": {:hex, :jason, "1.2.2", "ba43e3f2709fd1aa1dce90aaabfd039d000469c05c56f0b8e31978e03fa39052", [:mix], [{:decimal, "~> 1.0 or ~> 2.0", [hex: :decimal, repo: "hexpm", optional: true]}], "hexpm", "18a228f5f0058ee183f29f9eae0805c6e59d61c3b006760668d8d18ff0d12179"},
  "mime": {:hex, :mime, "2.0.1", "0de4c81303fe07806ebc2494d5321ce8fb4df106e34dd5f9d787b637ebadc256", [:mix], [], "hexpm", "7a86b920d2aedce5fb6280ac8261ac1a739ae6c1a1ad38f5eadf910063008942"},
  "opentelemetry": {:hex, :opentelemetry, "1.0.0-rc.2", "d3e1fd9debfd73e00b0241cac464be7cd6ca6ac2bd38ab2ebe0c92401c76a342", [:rebar3], [{:opentelemetry_api, "~> 1.0.0-rc.2", [hex: :opentelemetry_api, repo: "hexpm", optional: false]}], "hexpm", "2f810e2eed70a9ea0c9b6943969b59e37f96a2f9e10920045a6c7676c2ab8181"},
  "opentelemetry_absinthe": {:hex, :opentelemetry_absinthe, "1.0.0-rc.4", "455c5b82d5e133611c2d1e3c7d81a50992286370f276b9b6cd2a05f76f98203a", [:mix], [{:absinthe, ">= 1.5.0", [hex: :absinthe, repo: "hexpm", optional: true]}, {:jason, "~> 1.2", [hex: :jason, repo: "hexpm", optional: false]}, {:opentelemetry_api, "~> 1.0.0-rc.2", [hex: :opentelemetry_api, repo: "hexpm", optional: false]}, {:telemetry, "~> 0.4", [hex: :telemetry, repo: "hexpm", optional: false]}], "hexpm", "b0cb241fd76105745e9c7b820f6de3f6e1bc9c226748181f38864a3d64b5b6a9"},
  "opentelemetry_api": {:hex, :opentelemetry_api, "1.0.0-rc.2", "a0ec5b242bb7ce7563b4891e77dcfa529defc9e42c19a5a702574c5ac3d0c6e7", [:mix, :rebar3], [], "hexpm", "426a969c8ee2afa8ab55b58e6e40e81c1f934c064459a1acb530f54042f9a9a3"},
  "opentelemetry_ecto": {:hex, :opentelemetry_ecto, "1.0.0-rc.1", "ab853cf31ce0b390803e7c425d68f9597ad1919821487ff188b101a08ca519c7", [:mix], [{:opentelemetry, "~> 1.0.0-rc", [hex: :opentelemetry, repo: "hexpm", optional: false]}, {:opentelemetry_api, "~> 1.0.0-rc", [hex: :opentelemetry_api, repo: "hexpm", optional: false]}, {:telemetry, "~> 0.4.2", [hex: :telemetry, repo: "hexpm", optional: false]}], "hexpm", "5956a91a79a88ca043f048c20a3463aa227c3103298484bf4854625571b7e292"},
  "opentelemetry_exporter": {:hex, :opentelemetry_exporter, "1.0.0-rc.1", "e3abedac6636b27c1132fa78782356fc43407b03a7a1eb6f10c8cbc10f4e1d73", [:rebar3], [{:grpcbox, "~>0.14.0", [hex: :grpcbox, repo: "hexpm", optional: false]}, {:opentelemetry, "~> 1.0.0-rc.1", [hex: :opentelemetry, repo: "hexpm", optional: false]}, {:opentelemetry_api, "~> 1.0.0-rc.1", [hex: :opentelemetry_api, repo: "hexpm", optional: false]}], "hexpm", "c35dc739fb87206decb4982c949029a2476e89de73ec93cb19bb4e6dafe501d7"},
  "plug": {:hex, :plug, "1.12.1", "645678c800601d8d9f27ad1aebba1fdb9ce5b2623ddb961a074da0b96c35187d", [:mix], [{:mime, "~> 1.0 or ~> 2.0", [hex: :mime, repo: "hexpm", optional: false]}, {:plug_crypto, "~> 1.1.1 or ~> 1.2", [hex: :plug_crypto, repo: "hexpm", optional: false]}, {:telemetry, "~> 0.4.3 or ~> 1.0", [hex: :telemetry, repo: "hexpm", optional: false]}], "hexpm", "d57e799a777bc20494b784966dc5fbda91eb4a09f571f76545b72a634ce0d30b"},
  "plug_crypto": {:hex, :plug_crypto, "1.2.2", "05654514ac717ff3a1843204b424477d9e60c143406aa94daf2274fdd280794d", [:mix], [], "hexpm", "87631c7ad914a5a445f0a3809f99b079113ae4ed4b867348dd9eec288cecb6db"},
  "telemetry": {:hex, :telemetry, "0.4.3", "a06428a514bdbc63293cd9a6263aad00ddeb66f608163bdec7c8995784080818", [:rebar3], [], "hexpm", "eb72b8365ffda5bed68a620d1da88525e326cb82a75ee61354fc24b844768041"},
  "teleplug": {:git, "https://github.com/primait/teleplug.git", "2a9987c8f898226a4642bb243d65d73fe6113206", []},
}
